
Microsoft Visual Studio Solution File, Format Version 12.00
# Visual Studio Version 16
VisualStudioVersion = 16.0.29215.179
MinimumVisualStudioVersion = 10.0.40219.1
Project("{FAE04EC0-301F-11D3-BF4B-00C04F79EFBC}") = "1852621 Lab 1", "1852621 Lab 1.csproj", "{BD1338B3-5FB0-40B8-A9A3-40FA90D71955}"
EndProject
Global
	GlobalSection(SolutionConfigurationPlatforms) = preSolution
		Debug|Any CPU = Debug|Any CPU
		Release|Any CPU = Release|Any CPU
	EndGlobalSection
	GlobalSection(ProjectConfigurationPlatforms) = postSolution
		{BD1338B3-5FB0-40B8-A9A3-40FA90D71955}.Debug|Any CPU.ActiveCfg = Debug|Any CPU
		{BD1338B3-5FB0-40B8-A9A3-40FA90D71955}.Debug|Any CPU.Build.0 = Debug|Any CPU
		{BD1338B3-5FB0-40B8-A9A3-40FA90D71955}.Release|Any CPU.ActiveCfg = Release|Any CPU
		{BD1338B3-5FB0-40B8-A9A3-40FA90D71955}.Release|Any CPU.Build.0 = Release|Any CPU
	EndGlobalSection
	GlobalSection(SolutionProperties) = preSolution
		HideSolutionNode = FALSE
	EndGlobalSection
	GlobalSection(ExtensibilityGlobals) = postSolution
		SolutionGuid = {8288A95C-947B-4559-9808-37AF0D8B6238}
	EndGlobalSection
EndGlobal
